
Microsoft Visual Studio Solution File, Format Version 12.00
Project("{FAE04EC0-301F-11D3-BF4B-00C04F79EFBC}") = "Domain", "Domain\Domain.csproj", "{31C1D845-4B41-4B2C-8A2B-4C36FEAEEDBE}"
EndProject
Project("{2150E333-8FDC-42A3-9474-1A3956D46DE8}") = "Src", "Src", "{056A20C9-79F0-43E1-AE33-F458CE779CCE}"
EndProject
Project("{FAE04EC0-301F-11D3-BF4B-00C04F79EFBC}") = "DataAccess", "DataAccess\DataAccess.csproj", "{206CAEDE-070E-44C1-96E8-1F664D351FB4}"
EndProject
Project("{FAE04EC0-301F-11D3-BF4B-00C04F79EFBC}") = "Application", "Application\Application.csproj", "{1852F7E1-D34D-4623-B90C-53A34DA6FCC8}"
EndProject
Project("{FAE04EC0-301F-11D3-BF4B-00C04F79EFBC}") = "WebApi", "WebApi\WebApi.csproj", "{870E3975-E969-482C-AA8A-F6D1827A08AD}"
EndProject
Project("{FAE04EC0-301F-11D3-BF4B-00C04F79EFBC}") = "FillDb", "FillDb\FillDb.csproj", "{CBCD4313-E586-450E-9423-F4214897AEF7}"
EndProject
Global
	GlobalSection(SolutionConfigurationPlatforms) = preSolution
		Debug|Any CPU = Debug|Any CPU
		Release|Any CPU = Release|Any CPU
	EndGlobalSection
	GlobalSection(ProjectConfigurationPlatforms) = postSolution
		{31C1D845-4B41-4B2C-8A2B-4C36FEAEEDBE}.Debug|Any CPU.ActiveCfg = Debug|Any CPU
		{31C1D845-4B41-4B2C-8A2B-4C36FEAEEDBE}.Debug|Any CPU.Build.0 = Debug|Any CPU
		{31C1D845-4B41-4B2C-8A2B-4C36FEAEEDBE}.Release|Any CPU.ActiveCfg = Release|Any CPU
		{31C1D845-4B41-4B2C-8A2B-4C36FEAEEDBE}.Release|Any CPU.Build.0 = Release|Any CPU
		{206CAEDE-070E-44C1-96E8-1F664D351FB4}.Debug|Any CPU.ActiveCfg = Debug|Any CPU
		{206CAEDE-070E-44C1-96E8-1F664D351FB4}.Debug|Any CPU.Build.0 = Debug|Any CPU
		{206CAEDE-070E-44C1-96E8-1F664D351FB4}.Release|Any CPU.ActiveCfg = Release|Any CPU
		{206CAEDE-070E-44C1-96E8-1F664D351FB4}.Release|Any CPU.Build.0 = Release|Any CPU
		{1852F7E1-D34D-4623-B90C-53A34DA6FCC8}.Debug|Any CPU.ActiveCfg = Debug|Any CPU
		{1852F7E1-D34D-4623-B90C-53A34DA6FCC8}.Debug|Any CPU.Build.0 = Debug|Any CPU
		{1852F7E1-D34D-4623-B90C-53A34DA6FCC8}.Release|Any CPU.ActiveCfg = Release|Any CPU
		{1852F7E1-D34D-4623-B90C-53A34DA6FCC8}.Release|Any CPU.Build.0 = Release|Any CPU
		{870E3975-E969-482C-AA8A-F6D1827A08AD}.Debug|Any CPU.ActiveCfg = Debug|Any CPU
		{870E3975-E969-482C-AA8A-F6D1827A08AD}.Debug|Any CPU.Build.0 = Debug|Any CPU
		{870E3975-E969-482C-AA8A-F6D1827A08AD}.Release|Any CPU.ActiveCfg = Release|Any CPU
		{870E3975-E969-482C-AA8A-F6D1827A08AD}.Release|Any CPU.Build.0 = Release|Any CPU
		{CBCD4313-E586-450E-9423-F4214897AEF7}.Debug|Any CPU.ActiveCfg = Debug|Any CPU
		{CBCD4313-E586-450E-9423-F4214897AEF7}.Debug|Any CPU.Build.0 = Debug|Any CPU
		{CBCD4313-E586-450E-9423-F4214897AEF7}.Release|Any CPU.ActiveCfg = Release|Any CPU
		{CBCD4313-E586-450E-9423-F4214897AEF7}.Release|Any CPU.Build.0 = Release|Any CPU
	EndGlobalSection
	GlobalSection(NestedProjects) = preSolution
		{31C1D845-4B41-4B2C-8A2B-4C36FEAEEDBE} = {056A20C9-79F0-43E1-AE33-F458CE779CCE}
		{206CAEDE-070E-44C1-96E8-1F664D351FB4} = {056A20C9-79F0-43E1-AE33-F458CE779CCE}
		{1852F7E1-D34D-4623-B90C-53A34DA6FCC8} = {056A20C9-79F0-43E1-AE33-F458CE779CCE}
		{870E3975-E969-482C-AA8A-F6D1827A08AD} = {056A20C9-79F0-43E1-AE33-F458CE779CCE}
		{CBCD4313-E586-450E-9423-F4214897AEF7} = {056A20C9-79F0-43E1-AE33-F458CE779CCE}
	EndGlobalSection
EndGlobal
