
Microsoft Visual Studio Solution File, Format Version 12.00
# Visual Studio Version 17
VisualStudioVersion = 17.7.34024.191
MinimumVisualStudioVersion = 10.0.40219.1
Project("{9A19103F-16F7-4668-BE54-9A1E7A4F7556}") = "Domain", "Domain\Domain.csproj", "{31C1D845-4B41-4B2C-8A2B-4C36FEAEEDBE}"
EndProject
Project("{2150E333-8FDC-42A3-9474-1A3956D46DE8}") = "Src", "Src", "{056A20C9-79F0-43E1-AE33-F458CE779CCE}"
EndProject
Project("{9A19103F-16F7-4668-BE54-9A1E7A4F7556}") = "DataAccess", "DataAccess\DataAccess.csproj", "{206CAEDE-070E-44C1-96E8-1F664D351FB4}"
EndProject
Project("{9A19103F-16F7-4668-BE54-9A1E7A4F7556}") = "Application", "Application\Application.csproj", "{1852F7E1-D34D-4623-B90C-53A34DA6FCC8}"
EndProject
Project("{9A19103F-16F7-4668-BE54-9A1E7A4F7556}") = "WebApi", "WebApi\WebApi.csproj", "{870E3975-E969-482C-AA8A-F6D1827A08AD}"
EndProject
Project("{9A19103F-16F7-4668-BE54-9A1E7A4F7556}") = "UnitTests", "UnitTests\UnitTests.csproj", "{0E8CDB58-AD23-4E5C-9B27-2E2706BF8F90}"
EndProject
Project("{2150E333-8FDC-42A3-9474-1A3956D46DE8}") = "Template", "Template", "{91A3ACC9-13D9-493F-96A7-2C677DF33E58}"
EndProject
Project("{E24C65DC-7377-472B-9ABA-BC803B73C61A}") = "Template", "Template\", "{B2FBC4E5-C5BC-4376-B53B-22A2E8E89F92}"
	ProjectSection(WebsiteProperties) = preProject
		TargetFrameworkMoniker = ".NETFramework,Version%3Dv4.8"
		Debug.AspNetCompiler.VirtualPath = "/localhost_51661"
		Debug.AspNetCompiler.PhysicalPath = "Template\"
		Debug.AspNetCompiler.TargetPath = "PrecompiledWeb\localhost_51661\"
		Debug.AspNetCompiler.Updateable = "true"
		Debug.AspNetCompiler.ForceOverwrite = "true"
		Debug.AspNetCompiler.FixedNames = "false"
		Debug.AspNetCompiler.Debug = "True"
		Release.AspNetCompiler.VirtualPath = "/localhost_51661"
		Release.AspNetCompiler.PhysicalPath = "Template\"
		Release.AspNetCompiler.TargetPath = "PrecompiledWeb\localhost_51661\"
		Release.AspNetCompiler.Updateable = "true"
		Release.AspNetCompiler.ForceOverwrite = "true"
		Release.AspNetCompiler.FixedNames = "false"
		Release.AspNetCompiler.Debug = "False"
		VWDPort = "51661"
	EndProjectSection
EndProject
Global
	GlobalSection(SolutionConfigurationPlatforms) = preSolution
		Debug|Any CPU = Debug|Any CPU
		Release|Any CPU = Release|Any CPU
	EndGlobalSection
	GlobalSection(ProjectConfigurationPlatforms) = postSolution
		{31C1D845-4B41-4B2C-8A2B-4C36FEAEEDBE}.Debug|Any CPU.ActiveCfg = Debug|Any CPU
		{31C1D845-4B41-4B2C-8A2B-4C36FEAEEDBE}.Debug|Any CPU.Build.0 = Debug|Any CPU
		{31C1D845-4B41-4B2C-8A2B-4C36FEAEEDBE}.Release|Any CPU.ActiveCfg = Release|Any CPU
		{31C1D845-4B41-4B2C-8A2B-4C36FEAEEDBE}.Release|Any CPU.Build.0 = Release|Any CPU
		{206CAEDE-070E-44C1-96E8-1F664D351FB4}.Debug|Any CPU.ActiveCfg = Debug|Any CPU
		{206CAEDE-070E-44C1-96E8-1F664D351FB4}.Debug|Any CPU.Build.0 = Debug|Any CPU
		{206CAEDE-070E-44C1-96E8-1F664D351FB4}.Release|Any CPU.ActiveCfg = Release|Any CPU
		{206CAEDE-070E-44C1-96E8-1F664D351FB4}.Release|Any CPU.Build.0 = Release|Any CPU
		{1852F7E1-D34D-4623-B90C-53A34DA6FCC8}.Debug|Any CPU.ActiveCfg = Debug|Any CPU
		{1852F7E1-D34D-4623-B90C-53A34DA6FCC8}.Debug|Any CPU.Build.0 = Debug|Any CPU
		{1852F7E1-D34D-4623-B90C-53A34DA6FCC8}.Release|Any CPU.ActiveCfg = Release|Any CPU
		{1852F7E1-D34D-4623-B90C-53A34DA6FCC8}.Release|Any CPU.Build.0 = Release|Any CPU
		{870E3975-E969-482C-AA8A-F6D1827A08AD}.Debug|Any CPU.ActiveCfg = Debug|Any CPU
		{870E3975-E969-482C-AA8A-F6D1827A08AD}.Debug|Any CPU.Build.0 = Debug|Any CPU
		{870E3975-E969-482C-AA8A-F6D1827A08AD}.Release|Any CPU.ActiveCfg = Release|Any CPU
		{870E3975-E969-482C-AA8A-F6D1827A08AD}.Release|Any CPU.Build.0 = Release|Any CPU
		{0E8CDB58-AD23-4E5C-9B27-2E2706BF8F90}.Debug|Any CPU.ActiveCfg = Debug|Any CPU
		{0E8CDB58-AD23-4E5C-9B27-2E2706BF8F90}.Debug|Any CPU.Build.0 = Debug|Any CPU
		{0E8CDB58-AD23-4E5C-9B27-2E2706BF8F90}.Release|Any CPU.ActiveCfg = Release|Any CPU
		{0E8CDB58-AD23-4E5C-9B27-2E2706BF8F90}.Release|Any CPU.Build.0 = Release|Any CPU
		{B2FBC4E5-C5BC-4376-B53B-22A2E8E89F92}.Debug|Any CPU.ActiveCfg = Debug|Any CPU
		{B2FBC4E5-C5BC-4376-B53B-22A2E8E89F92}.Debug|Any CPU.Build.0 = Debug|Any CPU
		{B2FBC4E5-C5BC-4376-B53B-22A2E8E89F92}.Release|Any CPU.ActiveCfg = Debug|Any CPU
		{B2FBC4E5-C5BC-4376-B53B-22A2E8E89F92}.Release|Any CPU.Build.0 = Debug|Any CPU
	EndGlobalSection
	GlobalSection(SolutionProperties) = preSolution
		HideSolutionNode = FALSE
	EndGlobalSection
	GlobalSection(NestedProjects) = preSolution
		{31C1D845-4B41-4B2C-8A2B-4C36FEAEEDBE} = {056A20C9-79F0-43E1-AE33-F458CE779CCE}
		{206CAEDE-070E-44C1-96E8-1F664D351FB4} = {056A20C9-79F0-43E1-AE33-F458CE779CCE}
		{1852F7E1-D34D-4623-B90C-53A34DA6FCC8} = {056A20C9-79F0-43E1-AE33-F458CE779CCE}
		{870E3975-E969-482C-AA8A-F6D1827A08AD} = {056A20C9-79F0-43E1-AE33-F458CE779CCE}
		{0E8CDB58-AD23-4E5C-9B27-2E2706BF8F90} = {056A20C9-79F0-43E1-AE33-F458CE779CCE}
		{91A3ACC9-13D9-493F-96A7-2C677DF33E58} = {056A20C9-79F0-43E1-AE33-F458CE779CCE}
		{B2FBC4E5-C5BC-4376-B53B-22A2E8E89F92} = {91A3ACC9-13D9-493F-96A7-2C677DF33E58}
	EndGlobalSection
EndGlobal
